
Microsoft Visual Studio Solution File, Format Version 12.00
# Visual Studio 15
VisualStudioVersion = 15.0.27004.2010
MinimumVisualStudioVersion = 10.0.40219.1
Project("{888888A0-9F3D-457C-B088-3A5042F75D52}") = "BioinfProj2", "BioinfProj2\BioinfProj2.pyproj", "{0A628A8D-5476-44C5-BB38-32AB736B5C64}"
EndProject
Global
	GlobalSection(SolutionConfigurationPlatforms) = preSolution
		Debug|Any CPU = Debug|Any CPU
		Release|Any CPU = Release|Any CPU
	EndGlobalSection
	GlobalSection(ProjectConfigurationPlatforms) = postSolution
		{0A628A8D-5476-44C5-BB38-32AB736B5C64}.Debug|Any CPU.ActiveCfg = Debug|Any CPU
		{0A628A8D-5476-44C5-BB38-32AB736B5C64}.Release|Any CPU.ActiveCfg = Release|Any CPU
	EndGlobalSection
	GlobalSection(SolutionProperties) = preSolution
		HideSolutionNode = FALSE
	EndGlobalSection
	GlobalSection(ExtensibilityGlobals) = postSolution
		SolutionGuid = {FBF2C153-05AE-4277-8486-823ACA527E79}
	EndGlobalSection
EndGlobal
